
Microsoft Visual Studio Solution File, Format Version 12.00
# Visual Studio Version 17
VisualStudioVersion = 17.9.34321.82
MinimumVisualStudioVersion = 10.0.40219.1
Project("{FAE04EC0-301F-11D3-BF4B-00C04F79EFBC}") = "WarCad", "WarCad\WarCad.csproj", "{844921E2-2119-4B5A-9D1C-6FF67808EA75}"
EndProject
Global
	GlobalSection(SolutionConfigurationPlatforms) = preSolution
		Debug|Any CPU = Debug|Any CPU
		Release|Any CPU = Release|Any CPU
	EndGlobalSection
	GlobalSection(ProjectConfigurationPlatforms) = postSolution
		{844921E2-2119-4B5A-9D1C-6FF67808EA75}.Debug|Any CPU.ActiveCfg = Debug|Any CPU
		{844921E2-2119-4B5A-9D1C-6FF67808EA75}.Debug|Any CPU.Build.0 = Debug|Any CPU
		{844921E2-2119-4B5A-9D1C-6FF67808EA75}.Release|Any CPU.ActiveCfg = Release|Any CPU
		{844921E2-2119-4B5A-9D1C-6FF67808EA75}.Release|Any CPU.Build.0 = Release|Any CPU
	EndGlobalSection
	GlobalSection(SolutionProperties) = preSolution
		HideSolutionNode = FALSE
	EndGlobalSection
	GlobalSection(ExtensibilityGlobals) = postSolution
		SolutionGuid = {FA9B34B0-8512-489D-9BB1-74ABF38C9860}
	EndGlobalSection
EndGlobal
